
Microsoft Visual Studio Solution File, Format Version 12.00
# Visual Studio Version 17
VisualStudioVersion = 17.7.34024.191
MinimumVisualStudioVersion = 10.0.40219.1
Project("{FAE04EC0-301F-11D3-BF4B-00C04F79EFBC}") = "FitnessClub", "FitnessClub\FitnessClub.csproj", "{6AA9C2C7-1172-4579-AEA9-06C3C3B2A930}"
EndProject
Global
	GlobalSection(SolutionConfigurationPlatforms) = preSolution
		Debug|Any CPU = Debug|Any CPU
		Release|Any CPU = Release|Any CPU
	EndGlobalSection
	GlobalSection(ProjectConfigurationPlatforms) = postSolution
		{6AA9C2C7-1172-4579-AEA9-06C3C3B2A930}.Debug|Any CPU.ActiveCfg = Debug|Any CPU
		{6AA9C2C7-1172-4579-AEA9-06C3C3B2A930}.Debug|Any CPU.Build.0 = Debug|Any CPU
		{6AA9C2C7-1172-4579-AEA9-06C3C3B2A930}.Release|Any CPU.ActiveCfg = Release|Any CPU
		{6AA9C2C7-1172-4579-AEA9-06C3C3B2A930}.Release|Any CPU.Build.0 = Release|Any CPU
	EndGlobalSection
	GlobalSection(SolutionProperties) = preSolution
		HideSolutionNode = FALSE
	EndGlobalSection
	GlobalSection(ExtensibilityGlobals) = postSolution
		SolutionGuid = {46F90D64-F3EE-47DA-AE29-7D45245A3C9E}
	EndGlobalSection
EndGlobal
